
Microsoft Visual Studio Solution File, Format Version 12.00
# Visual Studio Version 16
VisualStudioVersion = 16.0.31702.278
MinimumVisualStudioVersion = 10.0.40219.1
Project("{9A19103F-16F7-4668-BE54-9A1E7A4F7556}") = "asptest", "asptest\asptest.csproj", "{FB400D68-BAF1-4726-91C6-CA982F776C3B}"
EndProject
Global
	GlobalSection(SolutionConfigurationPlatforms) = preSolution
		Debug|Any CPU = Debug|Any CPU
		Release|Any CPU = Release|Any CPU
	EndGlobalSection
	GlobalSection(ProjectConfigurationPlatforms) = postSolution
		{FB400D68-BAF1-4726-91C6-CA982F776C3B}.Debug|Any CPU.ActiveCfg = Debug|Any CPU
		{FB400D68-BAF1-4726-91C6-CA982F776C3B}.Debug|Any CPU.Build.0 = Debug|Any CPU
		{FB400D68-BAF1-4726-91C6-CA982F776C3B}.Release|Any CPU.ActiveCfg = Release|Any CPU
		{FB400D68-BAF1-4726-91C6-CA982F776C3B}.Release|Any CPU.Build.0 = Release|Any CPU
	EndGlobalSection
	GlobalSection(SolutionProperties) = preSolution
		HideSolutionNode = FALSE
	EndGlobalSection
	GlobalSection(ExtensibilityGlobals) = postSolution
		SolutionGuid = {E3A6D91E-A05D-48AD-846D-4BEB7230EAE1}
	EndGlobalSection
EndGlobal
